// !$*UTF8*$!
{
	archiveVersion = 1;
	classes = {
	};
	objectVersion = 48;
	objects = {

/* Begin PBXBuildFile section */
		8D1BB62D202AA6A600C09D96 /* SecondViewController.swift in Sources */ = {isa = PBXBuildFile; fileRef = 8D1BB62C202AA6A600C09D96 /* SecondViewController.swift */; };
		8DBAB13C201D775A00C8117F /* AppDelegate.swift in Sources */ = {isa = PBXBuildFile; fileRef = 8DBAB13B201D775A00C8117F /* AppDelegate.swift */; };
		8DBAB13E201D775A00C8117F /* ViewController.swift in Sources */ = {isa = PBXBuildFile; fileRef = 8DBAB13D201D775A00C8117F /* ViewController.swift */; };
		8DBAB141201D775A00C8117F /* Main.storyboard in Resources */ = {isa = PBXBuildFile; fileRef = 8DBAB13F201D775A00C8117F /* Main.storyboard */; };
		8DBAB143201D775A00C8117F /* Assets.xcassets in Resources */ = {isa = PBXBuildFile; fileRef = 8DBAB142201D775A00C8117F /* Assets.xcassets */; };
		8DBAB146201D775A00C8117F /* LaunchScreen.storyboard in Resources */ = {isa = PBXBuildFile; fileRef = 8DBAB144201D775A00C8117F /* LaunchScreen.storyboard */; };
		8DBAB151201D775A00C8117F /* MapTestRetryTests.swift in Sources */ = {isa = PBXBuildFile; fileRef = 8DBAB150201D775A00C8117F /* MapTestRetryTests.swift */; };
		8DBAB15C201D775A00C8117F /* MapTestRetryUITests.swift in Sources */ = {isa = PBXBuildFile; fileRef = 8DBAB15B201D775A00C8117F /* MapTestRetryUITests.swift */; };
		8DBAB16B201D783600C8117F /* CoreLocation.framework in Frameworks */ = {isa = PBXBuildFile; fileRef = 8DBAB16A201D783600C8117F /* CoreLocation.framework */; };
/* End PBXBuildFile section */

/* Begin PBXContainerItemProxy section */
		8DBAB14D201D775A00C8117F /* PBXContainerItemProxy */ = {
			isa = PBXContainerItemProxy;
			containerPortal = 8DBAB130201D775A00C8117F /* Project object */;
			proxyType = 1;
			remoteGlobalIDString = 8DBAB137201D775A00C8117F;
			remoteInfo = MapTestRetry;
		};
		8DBAB158201D775A00C8117F /* PBXContainerItemProxy */ = {
			isa = PBXContainerItemProxy;
			containerPortal = 8DBAB130201D775A00C8117F /* Project object */;
			proxyType = 1;
			remoteGlobalIDString = 8DBAB137201D775A00C8117F;
			remoteInfo = MapTestRetry;
		};
/* End PBXContainerItemProxy section */

/* Begin PBXFileReference section */
		8D1BB62C202AA6A600C09D96 /* SecondViewController.swift */ = {isa = PBXFileReference; lastKnownFileType = sourcecode.swift; path = SecondViewController.swift; sourceTree = "<group>"; };
		8DBAB138201D775A00C8117F /* MapTestRetry.app */ = {isa = PBXFileReference; explicitFileType = wrapper.application; includeInIndex = 0; path = MapTestRetry.app; sourceTree = BUILT_PRODUCTS_DIR; };
		8DBAB13B201D775A00C8117F /* AppDelegate.swift */ = {isa = PBXFileReference; lastKnownFileType = sourcecode.swift; path = AppDelegate.swift; sourceTree = "<group>"; };
		8DBAB13D201D775A00C8117F /* ViewController.swift */ = {isa = PBXFileReference; lastKnownFileType = sourcecode.swift; path = ViewController.swift; sourceTree = "<group>"; };
		8DBAB140201D775A00C8117F /* Base */ = {isa = PBXFileReference; lastKnownFileType = file.storyboard; name = Base; path = Base.lproj/Main.storyboard; sourceTree = "<group>"; };
		8DBAB142201D775A00C8117F /* Assets.xcassets */ = {isa = PBXFileReference; lastKnownFileType = folder.assetcatalog; path = Assets.xcassets; sourceTree = "<group>"; };
		8DBAB145201D775A00C8117F /* Base */ = {isa = PBXFileReference; lastKnownFileType = file.storyboard; name = Base; path = Base.lproj/LaunchScreen.storyboard; sourceTree = "<group>"; };
		8DBAB147201D775A00C8117F /* Info.plist */ = {isa = PBXFileReference; lastKnownFileType = text.plist.xml; path = Info.plist; sourceTree = "<group>"; };
		8DBAB14C201D775A00C8117F /* MapTestRetryTests.xctest */ = {isa = PBXFileReference; explicitFileType = wrapper.cfbundle; includeInIndex = 0; path = MapTestRetryTests.xctest; sourceTree = BUILT_PRODUCTS_DIR; };
		8DBAB150201D775A00C8117F /* MapTestRetryTests.swift */ = {isa = PBXFileReference; lastKnownFileType = sourcecode.swift; path = MapTestRetryTests.swift; sourceTree = "<group>"; };
		8DBAB152201D775A00C8117F /* Info.plist */ = {isa = PBXFileReference; lastKnownFileType = text.plist.xml; path = Info.plist; sourceTree = "<group>"; };
		8DBAB157201D775A00C8117F /* MapTestRetryUITests.xctest */ = {isa = PBXFileReference; explicitFileType = wrapper.cfbundle; includeInIndex = 0; path = MapTestRetryUITests.xctest; sourceTree = BUILT_PRODUCTS_DIR; };
		8DBAB15B201D775A00C8117F /* MapTestRetryUITests.swift */ = {isa = PBXFileReference; lastKnownFileType = sourcecode.swift; path = MapTestRetryUITests.swift; sourceTree = "<group>"; };
		8DBAB15D201D775A00C8117F /* Info.plist */ = {isa = PBXFileReference; lastKnownFileType = text.plist.xml; path = Info.plist; sourceTree = "<group>"; };
		8DBAB16A201D783600C8117F /* CoreLocation.framework */ = {isa = PBXFileReference; lastKnownFileType = wrapper.framework; name = CoreLocation.framework; path = System/Library/Frameworks/CoreLocation.framework; sourceTree = SDKROOT; };
/* End PBXFileReference section */

/* Begin PBXFrameworksBuildPhase section */
		8DBAB135201D775A00C8117F /* Frameworks */ = {
			isa = PBXFrameworksBuildPhase;
			buildActionMask = 2147483647;
			files = (
				8DBAB16B201D783600C8117F /* CoreLocation.framework in Frameworks */,
			);
			runOnlyForDeploymentPostprocessing = 0;
		};
		8DBAB149201D775A00C8117F /* Frameworks */ = {
			isa = PBXFrameworksBuildPhase;
			buildActionMask = 2147483647;
			files = (
			);
			runOnlyForDeploymentPostprocessing = 0;
		};
		8DBAB154201D775A00C8117F /* Frameworks */ = {
			isa = PBXFrameworksBuildPhase;
			buildActionMask = 2147483647;
			files = (
			);
			runOnlyForDeploymentPostprocessing = 0;
		};
/* End PBXFrameworksBuildPhase section */

/* Begin PBXGroup section */
		8DBAB12F201D775A00C8117F = {
			isa = PBXGroup;
			children = (
				8DBAB13A201D775A00C8117F /* MapTestRetry */,
				8DBAB14F201D775A00C8117F /* MapTestRetryTests */,
				8DBAB15A201D775A00C8117F /* MapTestRetryUITests */,
				8DBAB139201D775A00C8117F /* Products */,
				8DBAB169201D783600C8117F /* Frameworks */,
			);
			sourceTree = "<group>";
		};
		8DBAB139201D775A00C8117F /* Products */ = {
			isa = PBXGroup;
			children = (
				8DBAB138201D775A00C8117F /* MapTestRetry.app */,
				8DBAB14C201D775A00C8117F /* MapTestRetryTests.xctest */,
				8DBAB157201D775A00C8117F /* MapTestRetryUITests.xctest */,
			);
			name = Products;
			sourceTree = "<group>";
		};
		8DBAB13A201D775A00C8117F /* MapTestRetry */ = {
			isa = PBXGroup;
			children = (
				8DBAB13B201D775A00C8117F /* AppDelegate.swift */,
				8DBAB13F201D775A00C8117F /* Main.storyboard */,
				8DBAB13D201D775A00C8117F /* ViewController.swift */,
				8D1BB62C202AA6A600C09D96 /* SecondViewController.swift */,
				8DBAB142201D775A00C8117F /* Assets.xcassets */,
				8DBAB144201D775A00C8117F /* LaunchScreen.storyboard */,
				8DBAB147201D775A00C8117F /* Info.plist */,
			);
			path = MapTestRetry;
			sourceTree = "<group>";
		};
		8DBAB14F201D775A00C8117F /* MapTestRetryTests */ = {
			isa = PBXGroup;
			children = (
				8DBAB150201D775A00C8117F /* MapTestRetryTests.swift */,
				8DBAB152201D775A00C8117F /* Info.plist */,
			);
			path = MapTestRetryTests;
			sourceTree = "<group>";
		};
		8DBAB15A201D775A00C8117F /* MapTestRetryUITests */ = {
			isa = PBXGroup;
			children = (
				8DBAB15B201D775A00C8117F /* MapTestRetryUITests.swift */,
				8DBAB15D201D775A00C8117F /* Info.plist */,
			);
			path = MapTestRetryUITests;
			sourceTree = "<group>";
		};
		8DBAB169201D783600C8117F /* Frameworks */ = {
			isa = PBXGroup;
			children = (
				8DBAB16A201D783600C8117F /* CoreLocation.framework */,
			);
			name = Frameworks;
			sourceTree = "<group>";
		};
/* End PBXGroup section */

/* Begin PBXNativeTarget section */
		8DBAB137201D775A00C8117F /* MapTestRetry */ = {
			isa = PBXNativeTarget;
			buildConfigurationList = 8DBAB160201D775A00C8117F /* Build configuration list for PBXNativeTarget "MapTestRetry" */;
			buildPhases = (
				8DBAB134201D775A00C8117F /* Sources */,
				8DBAB135201D775A00C8117F /* Frameworks */,
				8DBAB136201D775A00C8117F /* Resources */,
			);
			buildRules = (
			);
			dependencies = (
			);
			name = MapTestRetry;
			productName = MapTestRetry;
			productReference = 8DBAB138201D775A00C8117F /* MapTestRetry.app */;
			productType = "com.apple.product-type.application";
		};
		8DBAB14B201D775A00C8117F /* MapTestRetryTests */ = {
			isa = PBXNativeTarget;
			buildConfigurationList = 8DBAB163201D775A00C8117F /* Build configuration list for PBXNativeTarget "MapTestRetryTests" */;
			buildPhases = (
				8DBAB148201D775A00C8117F /* Sources */,
				8DBAB149201D775A00C8117F /* Frameworks */,
				8DBAB14A201D775A00C8117F /* Resources */,
			);
			buildRules = (
			);
			dependencies = (
				8DBAB14E201D775A00C8117F /* PBXTargetDependency */,
			);
			name = MapTestRetryTests;
			productName = MapTestRetryTests;
			productReference = 8DBAB14C201D775A00C8117F /* MapTestRetryTests.xctest */;
			productType = "com.apple.product-type.bundle.unit-test";
		};
		8DBAB156201D775A00C8117F /* MapTestRetryUITests */ = {
			isa = PBXNativeTarget;
			buildConfigurationList = 8DBAB166201D775A00C8117F /* Build configuration list for PBXNativeTarget "MapTestRetryUITests" */;
			buildPhases = (
				8DBAB153201D775A00C8117F /* Sources */,
				8DBAB154201D775A00C8117F /* Frameworks */,
				8DBAB155201D775A00C8117F /* Resources */,
			);
			buildRules = (
			);
			dependencies = (
				8DBAB159201D775A00C8117F /* PBXTargetDependency */,
			);
			name = MapTestRetryUITests;
			productName = MapTestRetryUITests;
			productReference = 8DBAB157201D775A00C8117F /* MapTestRetryUITests.xctest */;
			productType = "com.apple.product-type.bundle.ui-testing";
		};
/* End PBXNativeTarget section */

/* Begin PBXProject section */
		8DBAB130201D775A00C8117F /* Project object */ = {
			isa = PBXProject;
			attributes = {
				LastSwiftUpdateCheck = 0920;
				LastUpgradeCheck = 0920;
				ORGANIZATIONNAME = SlyInc;
				TargetAttributes = {
					8DBAB137201D775A00C8117F = {
						CreatedOnToolsVersion = 9.2;
						ProvisioningStyle = Automatic;
					};
					8DBAB14B201D775A00C8117F = {
						CreatedOnToolsVersion = 9.2;
						ProvisioningStyle = Automatic;
						TestTargetID = 8DBAB137201D775A00C8117F;
					};
					8DBAB156201D775A00C8117F = {
						CreatedOnToolsVersion = 9.2;
						ProvisioningStyle = Automatic;
						TestTargetID = 8DBAB137201D775A00C8117F;
					};
				};
			};
			buildConfigurationList = 8DBAB133201D775A00C8117F /* Build configuration list for PBXProject "MapTestRetry" */;
			compatibilityVersion = "Xcode 8.0";
			developmentRegion = en;
			hasScannedForEncodings = 0;
			knownRegions = (
				en,
				Base,
			);
			mainGroup = 8DBAB12F201D775A00C8117F;
			productRefGroup = 8DBAB139201D775A00C8117F /* Products */;
			projectDirPath = "";
			projectRoot = "";
			targets = (
				8DBAB137201D775A00C8117F /* MapTestRetry */,
				8DBAB14B201D775A00C8117F /* MapTestRetryTests */,
				8DBAB156201D775A00C8117F /* MapTestRetryUITests */,
			);
		};
/* End PBXProject section */

/* Begin PBXResourcesBuildPhase section */
		8DBAB136201D775A00C8117F /* Resources */ = {
			isa = PBXResourcesBuildPhase;
			buildActionMask = 2147483647;
			files = (
				8DBAB146201D775A00C8117F /* LaunchScreen.storyboard in Resources */,
				8DBAB143201D775A00C8117F /* Assets.xcassets in Resources */,
				8DBAB141201D775A00C8117F /* Main.storyboard in Resources */,
			);
			runOnlyForDeploymentPostprocessing = 0;
		};
		8DBAB14A201D775A00C8117F /* Resources */ = {
			isa = PBXResourcesBuildPhase;
			buildActionMask = 2147483647;
			files = (
			);
			runOnlyForDeploymentPostprocessing = 0;
		};
		8DBAB155201D775A00C8117F /* Resources */ = {
			isa = PBXResourcesBuildPhase;
			buildActionMask = 2147483647;
			files = (
			);
			runOnlyForDeploymentPostprocessing = 0;
		};
/* End PBXResourcesBuildPhase section */

/* Begin PBXSourcesBuildPhase section */
		8DBAB134201D775A00C8117F /* Sources */ = {
			isa = PBXSourcesBuildPhase;
			buildActionMask = 2147483647;
			files = (
				8D1BB62D202AA6A600C09D96 /* SecondViewController.swift in Sources */,
				8DBAB13E201D775A00C8117F /* ViewController.swift in Sources */,
				8DBAB13C201D775A00C8117F /* AppDelegate.swift in Sources */,
			);
			runOnlyForDeploymentPostprocessing = 0;
		};
		8DBAB148201D775A00C8117F /* Sources */ = {
			isa = PBXSourcesBuildPhase;
			buildActionMask = 2147483647;
			files = (
				8DBAB151201D775A00C8117F /* MapTestRetryTests.swift in Sources */,
			);
			runOnlyForDeploymentPostprocessing = 0;
		};
		8DBAB153201D775A00C8117F /* Sources */ = {
			isa = PBXSourcesBuildPhase;
			buildActionMask = 2147483647;
			files = (
				8DBAB15C201D775A00C8117F /* MapTestRetryUITests.swift in Sources */,
			);
			runOnlyForDeploymentPostprocessing = 0;
		};
/* End PBXSourcesBuildPhase section */

/* Begin PBXTargetDependency section */
		8DBAB14E201D775A00C8117F /* PBXTargetDependency */ = {
			isa = PBXTargetDependency;
			target = 8DBAB137201D775A00C8117F /* MapTestRetry */;
			targetProxy = 8DBAB14D201D775A00C8117F /* PBXContainerItemProxy */;
		};
		8DBAB159201D775A00C8117F /* PBXTargetDependency */ = {
			isa = PBXTargetDependency;
			target = 8DBAB137201D775A00C8117F /* MapTestRetry */;
			targetProxy = 8DBAB158201D775A00C8117F /* PBXContainerItemProxy */;
		};
/* End PBXTargetDependency section */

/* Begin PBXVariantGroup section */
		8DBAB13F201D775A00C8117F /* Main.storyboard */ = {
			isa = PBXVariantGroup;
			children = (
				8DBAB140201D775A00C8117F /* Base */,
			);
			name = Main.storyboard;
			sourceTree = "<group>";
		};
		8DBAB144201D775A00C8117F /* LaunchScreen.storyboard */ = {
			isa = PBXVariantGroup;
			children = (
				8DBAB145201D775A00C8117F /* Base */,
			);
			name = LaunchScreen.storyboard;
			sourceTree = "<group>";
		};
/* End PBXVariantGroup section */

/* Begin XCBuildConfiguration section */
		8DBAB15E201D775A00C8117F /* Debug */ = {
			isa = XCBuildConfiguration;
			buildSettings = {
				ALWAYS_SEARCH_USER_PATHS = NO;
				CLANG_ANALYZER_NONNULL = YES;
				CLANG_ANALYZER_NUMBER_OBJECT_CONVERSION = YES_AGGRESSIVE;
				CLANG_CXX_LANGUAGE_STANDARD = "gnu++14";
				CLANG_CXX_LIBRARY = "libc++";
				CLANG_ENABLE_MODULES = YES;
				CLANG_ENABLE_OBJC_ARC = YES;
				CLANG_WARN_BLOCK_CAPTURE_AUTORELEASING = YES;
				CLANG_WARN_BOOL_CONVERSION = YES;
				CLANG_WARN_COMMA = YES;
				CLANG_WARN_CONSTANT_CONVERSION = YES;
				CLANG_WARN_DIRECT_OBJC_ISA_USAGE = YES_ERROR;
				CLANG_WARN_DOCUMENTATION_COMMENTS = YES;
				CLANG_WARN_EMPTY_BODY = YES;
				CLANG_WARN_ENUM_CONVERSION = YES;
				CLANG_WARN_INFINITE_RECURSION = YES;
				CLANG_WARN_INT_CONVERSION = YES;
				CLANG_WARN_NON_LITERAL_NULL_CONVERSION = YES;
				CLANG_WARN_OBJC_LITERAL_CONVERSION = YES;
				CLANG_WARN_OBJC_ROOT_CLASS = YES_ERROR;
				CLANG_WARN_RANGE_LOOP_ANALYSIS = YES;
				CLANG_WARN_STRICT_PROTOTYPES = YES;
				CLANG_WARN_SUSPICIOUS_MOVE = YES;
				CLANG_WARN_UNGUARDED_AVAILABILITY = YES_AGGRESSIVE;
				CLANG_WARN_UNREACHABLE_CODE = YES;
				CLANG_WARN__DUPLICATE_METHOD_MATCH = YES;
				CODE_SIGN_IDENTITY = "iPhone Developer";
				COPY_PHASE_STRIP = NO;
				DEBUG_INFORMATION_FORMAT = dwarf;
				ENABLE_STRICT_OBJC_MSGSEND = YES;
				ENABLE_TESTABILITY = YES;
				GCC_C_LANGUAGE_STANDARD = gnu11;
				GCC_DYNAMIC_NO_PIC = NO;
				GCC_NO_COMMON_BLOCKS = YES;
				GCC_OPTIMIZATION_LEVEL = 0;
				GCC_PREPROCESSOR_DEFINITIONS = (
					"DEBUG=1",
					"$(inherited)",
				);
				GCC_WARN_64_TO_32_BIT_CONVERSION = YES;
				GCC_WARN_ABOUT_RETURN_TYPE = YES_ERROR;
				GCC_WARN_UNDECLARED_SELECTOR = YES;
				GCC_WARN_UNINITIALIZED_AUTOS = YES_AGGRESSIVE;
				GCC_WARN_UNUSED_FUNCTION = YES;
				GCC_WARN_UNUSED_VARIABLE = YES;
				IPHONEOS_DEPLOYMENT_TARGET = 11.2;
				MTL_ENABLE_DEBUG_INFO = YES;
				ONLY_ACTIVE_ARCH = YES;
				SDKROOT = iphoneos;
				SWIFT_ACTIVE_COMPILATION_CONDITIONS = DEBUG;
				SWIFT_OPTIMIZATION_LEVEL = "-Onone";
			};
			name = Debug;
		};
		8DBAB15F201D775A00C8117F /* Release */ = {
			isa = XCBuildConfiguration;
			buildSettings = {
				ALWAYS_SEARCH_USER_PATHS = NO;
				CLANG_ANALYZER_NONNULL = YES;
				CLANG_ANALYZER_NUMBER_OBJECT_CONVERSION = YES_AGGRESSIVE;
				CLANG_CXX_LANGUAGE_STANDARD = "gnu++14";
				CLANG_CXX_LIBRARY = "libc++";
				CLANG_ENABLE_MODULES = YES;
				CLANG_ENABLE_OBJC_ARC = YES;
				CLANG_WARN_BLOCK_CAPTURE_AUTORELEASING = YES;
				CLANG_WARN_BOOL_CONVERSION = YES;
				CLANG_WARN_COMMA = YES;
				CLANG_WARN_CONSTANT_CONVERSION = YES;
				CLANG_WARN_DIRECT_OBJC_ISA_USAGE = YES_ERROR;
				CLANG_WARN_DOCUMENTATION_COMMENTS = YES;
				CLANG_WARN_EMPTY_BODY = YES;
				CLANG_WARN_ENUM_CONVERSION = YES;
				CLANG_WARN_INFINITE_RECURSION = YES;
				CLANG_WARN_INT_CONVERSION = YES;
				CLANG_WARN_NON_LITERAL_NULL_CONVERSION = YES;
				CLANG_WARN_OBJC_LITERAL_CONVERSION = YES;
				CLANG_WARN_OBJC_ROOT_CLASS = YES_ERROR;
				CLANG_WARN_RANGE_LOOP_ANALYSIS = YES;
				CLANG_WARN_STRICT_PROTOTYPES = YES;
				CLANG_WARN_SUSPICIOUS_MOVE = YES;
				CLANG_WARN_UNGUARDED_AVAILABILITY = YES_AGGRESSIVE;
				CLANG_WARN_UNREACHABLE_CODE = YES;
				CLANG_WARN__DUPLICATE_METHOD_MATCH = YES;
				CODE_SIGN_IDENTITY = "iPhone Developer";
				COPY_PHASE_STRIP = NO;
				DEBUG_INFORMATION_FORMAT = "dwarf-with-dsym";
				ENABLE_NS_ASSERTIONS = NO;
				ENABLE_STRICT_OBJC_MSGSEND = YES;
				GCC_C_LANGUAGE_STANDARD = gnu11;
				GCC_NO_COMMON_BLOCKS = YES;
				GCC_WARN_64_TO_32_BIT_CONVERSION = YES;
				GCC_WARN_ABOUT_RETURN_TYPE = YES_ERROR;
				GCC_WARN_UNDECLARED_SELECTOR = YES;
				GCC_WARN_UNINITIALIZED_AUTOS = YES_AGGRESSIVE;
				GCC_WARN_UNUSED_FUNCTION = YES;
				GCC_WARN_UNUSED_VARIABLE = YES;
				IPHONEOS_DEPLOYMENT_TARGET = 11.2;
				MTL_ENABLE_DEBUG_INFO = NO;
				SDKROOT = iphoneos;
				SWIFT_OPTIMIZATION_LEVEL = "-Owholemodule";
				VALIDATE_PRODUCT = YES;
			};
			name = Release;
		};
		8DBAB161201D775A00C8117F /* Debug */ = {
			isa = XCBuildConfiguration;
			buildSettings = {
				ASSETCATALOG_COMPILER_APPICON_NAME = AppIcon;
				CODE_SIGN_STYLE = Automatic;
				DEVELOPMENT_TEAM = Q7Y83EN57H;
				INFOPLIST_FILE = MapTestRetry/Info.plist;
				LD_RUNPATH_SEARCH_PATHS = "$(inherited) @executable_path/Frameworks";
				PRODUCT_BUNDLE_IDENTIFIER = com.slyinc.MapTestRetry;
				PRODUCT_NAME = "$(TARGET_NAME)";
				SWIFT_VERSION = 4.0;
				TARGETED_DEVICE_FAMILY = "1,2";
			};
			name = Debug;
		};
		8DBAB162201D775A00C8117F /* Release */ = {
			isa = XCBuildConfiguration;
			buildSettings = {
				ASSETCATALOG_COMPILER_APPICON_NAME = AppIcon;
				CODE_SIGN_STYLE = Automatic;
				DEVELOPMENT_TEAM = Q7Y83EN57H;
				INFOPLIST_FILE = MapTestRetry/Info.plist;
				LD_RUNPATH_SEARCH_PATHS = "$(inherited) @executable_path/Frameworks";
				PRODUCT_BUNDLE_IDENTIFIER = com.slyinc.MapTestRetry;
				PRODUCT_NAME = "$(TARGET_NAME)";
				SWIFT_VERSION = 4.0;
				TARGETED_DEVICE_FAMILY = "1,2";
			};
			name = Release;
		};
		8DBAB164201D775A00C8117F /* Debug */ = {
			isa = XCBuildConfiguration;
			buildSettings = {
				ALWAYS_EMBED_SWIFT_STANDARD_LIBRARIES = YES;
				BUNDLE_LOADER = "$(TEST_HOST)";
				CODE_SIGN_STYLE = Automatic;
				DEVELOPMENT_TEAM = Q7Y83EN57H;
				INFOPLIST_FILE = MapTestRetryTests/Info.plist;
				LD_RUNPATH_SEARCH_PATHS = "$(inherited) @executable_path/Frameworks @loader_path/Frameworks";
				PRODUCT_BUNDLE_IDENTIFIER = com.slyinc.MapTestRetryTests;
				PRODUCT_NAME = "$(TARGET_NAME)";
				SWIFT_VERSION = 4.0;
				TARGETED_DEVICE_FAMILY = "1,2";
				TEST_HOST = "$(BUILT_PRODUCTS_DIR)/MapTestRetry.app/MapTestRetry";
			};
			name = Debug;
		};
		8DBAB165201D775A00C8117F /* Release */ = {
			isa = XCBuildConfiguration;
			buildSettings = {
				ALWAYS_EMBED_SWIFT_STANDARD_LIBRARIES = YES;
				BUNDLE_LOADER = "$(TEST_HOST)";
				CODE_SIGN_STYLE = Automatic;
				DEVELOPMENT_TEAM = Q7Y83EN57H;
				INFOPLIST_FILE = MapTestRetryTests/Info.plist;
				LD_RUNPATH_SEARCH_PATHS = "$(inherited) @executable_path/Frameworks @loader_path/Frameworks";
				PRODUCT_BUNDLE_IDENTIFIER = com.slyinc.MapTestRetryTests;
				PRODUCT_NAME = "$(TARGET_NAME)";
				SWIFT_VERSION = 4.0;
				TARGETED_DEVICE_FAMILY = "1,2";
				TEST_HOST = "$(BUILT_PRODUCTS_DIR)/MapTestRetry.app/MapTestRetry";
			};
			name = Release;
		};
		8DBAB167201D775A00C8117F /* Debug */ = {
			isa = XCBuildConfiguration;
			buildSettings = {
				ALWAYS_EMBED_SWIFT_STANDARD_LIBRARIES = YES;
				CODE_SIGN_STYLE = Automatic;
				DEVELOPMENT_TEAM = Q7Y83EN57H;
				INFOPLIST_FILE = MapTestRetryUITests/Info.plist;
				LD_RUNPATH_SEARCH_PATHS = "$(inherited) @executable_path/Frameworks @loader_path/Frameworks";
				PRODUCT_BUNDLE_IDENTIFIER = com.slyinc.MapTestRetryUITests;
				PRODUCT_NAME = "$(TARGET_NAME)";
				SWIFT_VERSION = 4.0;
				TARGETED_DEVICE_FAMILY = "1,2";
				TEST_TARGET_NAME = MapTestRetry;
			};
			name = Debug;
		};
		8DBAB168201D775A00C8117F /* Release */ = {
			isa = XCBuildConfiguration;
			buildSettings = {
				ALWAYS_EMBED_SWIFT_STANDARD_LIBRARIES = YES;
				CODE_SIGN_STYLE = Automatic;
				DEVELOPMENT_TEAM = Q7Y83EN57H;
				INFOPLIST_FILE = MapTestRetryUITests/Info.plist;
				LD_RUNPATH_SEARCH_PATHS = "$(inherited) @executable_path/Frameworks @loader_path/Frameworks";
				PRODUCT_BUNDLE_IDENTIFIER = com.slyinc.MapTestRetryUITests;
				PRODUCT_NAME = "$(TARGET_NAME)";
				SWIFT_VERSION = 4.0;
				TARGETED_DEVICE_FAMILY = "1,2";
				TEST_TARGET_NAME = MapTestRetry;
			};
			name = Release;
		};
/* End XCBuildConfiguration section */

/* Begin XCConfigurationList section */
		8DBAB133201D775A00C8117F /* Build configuration list for PBXProject "MapTestRetry" */ = {
			isa = XCConfigurationList;
			buildConfigurations = (
				8DBAB15E201D775A00C8117F /* Debug */,
				8DBAB15F201D775A00C8117F /* Release */,
			);
			defaultConfigurationIsVisible = 0;
			defaultConfigurationName = Release;
		};
		8DBAB160201D775A00C8117F /* Build configuration list for PBXNativeTarget "MapTestRetry" */ = {
			isa = XCConfigurationList;
			buildConfigurations = (
				8DBAB161201D775A00C8117F /* Debug */,
				8DBAB162201D775A00C8117F /* Release */,
			);
			defaultConfigurationIsVisible = 0;
			defaultConfigurationName = Release;
		};
		8DBAB163201D775A00C8117F /* Build configuration list for PBXNativeTarget "MapTestRetryTests" */ = {
			isa = XCConfigurationList;
			buildConfigurations = (
				8DBAB164201D775A00C8117F /* Debug */,
				8DBAB165201D775A00C8117F /* Release */,
			);
			defaultConfigurationIsVisible = 0;
			defaultConfigurationName = Release;
		};
		8DBAB166201D775A00C8117F /* Build configuration list for PBXNativeTarget "MapTestRetryUITests" */ = {
			isa = XCConfigurationList;
			buildConfigurations = (
				8DBAB167201D775A00C8117F /* Debug */,
				8DBAB168201D775A00C8117F /* Release */,
			);
			defaultConfigurationIsVisible = 0;
			defaultConfigurationName = Release;
		};
/* End XCConfigurationList section */
	};
	rootObject = 8DBAB130201D775A00C8117F /* Project object */;
}
