// !$*UTF8*$!
{
	archiveVersion = 1;
	classes = {
	};
	objectVersion = 48;
	objects = {

/* Begin PBXBuildFile section */
		8DA5281520278A62005583A9 /* AppDelegate.swift in Sources */ = {isa = PBXBuildFile; fileRef = 8DA5281420278A62005583A9 /* AppDelegate.swift */; };
		8DA5281720278A62005583A9 /* ViewController.swift in Sources */ = {isa = PBXBuildFile; fileRef = 8DA5281620278A62005583A9 /* ViewController.swift */; };
		8DA5281A20278A62005583A9 /* Main.storyboard in Resources */ = {isa = PBXBuildFile; fileRef = 8DA5281820278A62005583A9 /* Main.storyboard */; };
		8DA5281C20278A62005583A9 /* Assets.xcassets in Resources */ = {isa = PBXBuildFile; fileRef = 8DA5281B20278A62005583A9 /* Assets.xcassets */; };
		8DA5281F20278A62005583A9 /* LaunchScreen.storyboard in Resources */ = {isa = PBXBuildFile; fileRef = 8DA5281D20278A62005583A9 /* LaunchScreen.storyboard */; };
		8DA5282A20278A62005583A9 /* GPSCoordinatesTests.swift in Sources */ = {isa = PBXBuildFile; fileRef = 8DA5282920278A62005583A9 /* GPSCoordinatesTests.swift */; };
		8DA5283520278A62005583A9 /* GPSCoordinatesUITests.swift in Sources */ = {isa = PBXBuildFile; fileRef = 8DA5283420278A62005583A9 /* GPSCoordinatesUITests.swift */; };
/* End PBXBuildFile section */

/* Begin PBXContainerItemProxy section */
		8DA5282620278A62005583A9 /* PBXContainerItemProxy */ = {
			isa = PBXContainerItemProxy;
			containerPortal = 8DA5280920278A61005583A9 /* Project object */;
			proxyType = 1;
			remoteGlobalIDString = 8DA5281020278A61005583A9;
			remoteInfo = GPSCoordinates;
		};
		8DA5283120278A62005583A9 /* PBXContainerItemProxy */ = {
			isa = PBXContainerItemProxy;
			containerPortal = 8DA5280920278A61005583A9 /* Project object */;
			proxyType = 1;
			remoteGlobalIDString = 8DA5281020278A61005583A9;
			remoteInfo = GPSCoordinates;
		};
/* End PBXContainerItemProxy section */

/* Begin PBXFileReference section */
		8DA5281120278A62005583A9 /* GPSCoordinates.app */ = {isa = PBXFileReference; explicitFileType = wrapper.application; includeInIndex = 0; path = GPSCoordinates.app; sourceTree = BUILT_PRODUCTS_DIR; };
		8DA5281420278A62005583A9 /* AppDelegate.swift */ = {isa = PBXFileReference; lastKnownFileType = sourcecode.swift; path = AppDelegate.swift; sourceTree = "<group>"; };
		8DA5281620278A62005583A9 /* ViewController.swift */ = {isa = PBXFileReference; lastKnownFileType = sourcecode.swift; path = ViewController.swift; sourceTree = "<group>"; };
		8DA5281920278A62005583A9 /* Base */ = {isa = PBXFileReference; lastKnownFileType = file.storyboard; name = Base; path = Base.lproj/Main.storyboard; sourceTree = "<group>"; };
		8DA5281B20278A62005583A9 /* Assets.xcassets */ = {isa = PBXFileReference; lastKnownFileType = folder.assetcatalog; path = Assets.xcassets; sourceTree = "<group>"; };
		8DA5281E20278A62005583A9 /* Base */ = {isa = PBXFileReference; lastKnownFileType = file.storyboard; name = Base; path = Base.lproj/LaunchScreen.storyboard; sourceTree = "<group>"; };
		8DA5282020278A62005583A9 /* Info.plist */ = {isa = PBXFileReference; lastKnownFileType = text.plist.xml; path = Info.plist; sourceTree = "<group>"; };
		8DA5282520278A62005583A9 /* GPSCoordinatesTests.xctest */ = {isa = PBXFileReference; explicitFileType = wrapper.cfbundle; includeInIndex = 0; path = GPSCoordinatesTests.xctest; sourceTree = BUILT_PRODUCTS_DIR; };
		8DA5282920278A62005583A9 /* GPSCoordinatesTests.swift */ = {isa = PBXFileReference; lastKnownFileType = sourcecode.swift; path = GPSCoordinatesTests.swift; sourceTree = "<group>"; };
		8DA5282B20278A62005583A9 /* Info.plist */ = {isa = PBXFileReference; lastKnownFileType = text.plist.xml; path = Info.plist; sourceTree = "<group>"; };
		8DA5283020278A62005583A9 /* GPSCoordinatesUITests.xctest */ = {isa = PBXFileReference; explicitFileType = wrapper.cfbundle; includeInIndex = 0; path = GPSCoordinatesUITests.xctest; sourceTree = BUILT_PRODUCTS_DIR; };
		8DA5283420278A62005583A9 /* GPSCoordinatesUITests.swift */ = {isa = PBXFileReference; lastKnownFileType = sourcecode.swift; path = GPSCoordinatesUITests.swift; sourceTree = "<group>"; };
		8DA5283620278A62005583A9 /* Info.plist */ = {isa = PBXFileReference; lastKnownFileType = text.plist.xml; path = Info.plist; sourceTree = "<group>"; };
/* End PBXFileReference section */

/* Begin PBXFrameworksBuildPhase section */
		8DA5280E20278A61005583A9 /* Frameworks */ = {
			isa = PBXFrameworksBuildPhase;
			buildActionMask = 2147483647;
			files = (
			);
			runOnlyForDeploymentPostprocessing = 0;
		};
		8DA5282220278A62005583A9 /* Frameworks */ = {
			isa = PBXFrameworksBuildPhase;
			buildActionMask = 2147483647;
			files = (
			);
			runOnlyForDeploymentPostprocessing = 0;
		};
		8DA5282D20278A62005583A9 /* Frameworks */ = {
			isa = PBXFrameworksBuildPhase;
			buildActionMask = 2147483647;
			files = (
			);
			runOnlyForDeploymentPostprocessing = 0;
		};
/* End PBXFrameworksBuildPhase section */

/* Begin PBXGroup section */
		8DA5280820278A61005583A9 = {
			isa = PBXGroup;
			children = (
				8DA5281320278A62005583A9 /* GPSCoordinates */,
				8DA5282820278A62005583A9 /* GPSCoordinatesTests */,
				8DA5283320278A62005583A9 /* GPSCoordinatesUITests */,
				8DA5281220278A62005583A9 /* Products */,
			);
			sourceTree = "<group>";
		};
		8DA5281220278A62005583A9 /* Products */ = {
			isa = PBXGroup;
			children = (
				8DA5281120278A62005583A9 /* GPSCoordinates.app */,
				8DA5282520278A62005583A9 /* GPSCoordinatesTests.xctest */,
				8DA5283020278A62005583A9 /* GPSCoordinatesUITests.xctest */,
			);
			name = Products;
			sourceTree = "<group>";
		};
		8DA5281320278A62005583A9 /* GPSCoordinates */ = {
			isa = PBXGroup;
			children = (
				8DA5281420278A62005583A9 /* AppDelegate.swift */,
				8DA5281620278A62005583A9 /* ViewController.swift */,
				8DA5281820278A62005583A9 /* Main.storyboard */,
				8DA5281B20278A62005583A9 /* Assets.xcassets */,
				8DA5281D20278A62005583A9 /* LaunchScreen.storyboard */,
				8DA5282020278A62005583A9 /* Info.plist */,
			);
			path = GPSCoordinates;
			sourceTree = "<group>";
		};
		8DA5282820278A62005583A9 /* GPSCoordinatesTests */ = {
			isa = PBXGroup;
			children = (
				8DA5282920278A62005583A9 /* GPSCoordinatesTests.swift */,
				8DA5282B20278A62005583A9 /* Info.plist */,
			);
			path = GPSCoordinatesTests;
			sourceTree = "<group>";
		};
		8DA5283320278A62005583A9 /* GPSCoordinatesUITests */ = {
			isa = PBXGroup;
			children = (
				8DA5283420278A62005583A9 /* GPSCoordinatesUITests.swift */,
				8DA5283620278A62005583A9 /* Info.plist */,
			);
			path = GPSCoordinatesUITests;
			sourceTree = "<group>";
		};
/* End PBXGroup section */

/* Begin PBXNativeTarget section */
		8DA5281020278A61005583A9 /* GPSCoordinates */ = {
			isa = PBXNativeTarget;
			buildConfigurationList = 8DA5283920278A62005583A9 /* Build configuration list for PBXNativeTarget "GPSCoordinates" */;
			buildPhases = (
				8DA5280D20278A61005583A9 /* Sources */,
				8DA5280E20278A61005583A9 /* Frameworks */,
				8DA5280F20278A61005583A9 /* Resources */,
			);
			buildRules = (
			);
			dependencies = (
			);
			name = GPSCoordinates;
			productName = GPSCoordinates;
			productReference = 8DA5281120278A62005583A9 /* GPSCoordinates.app */;
			productType = "com.apple.product-type.application";
		};
		8DA5282420278A62005583A9 /* GPSCoordinatesTests */ = {
			isa = PBXNativeTarget;
			buildConfigurationList = 8DA5283C20278A62005583A9 /* Build configuration list for PBXNativeTarget "GPSCoordinatesTests" */;
			buildPhases = (
				8DA5282120278A62005583A9 /* Sources */,
				8DA5282220278A62005583A9 /* Frameworks */,
				8DA5282320278A62005583A9 /* Resources */,
			);
			buildRules = (
			);
			dependencies = (
				8DA5282720278A62005583A9 /* PBXTargetDependency */,
			);
			name = GPSCoordinatesTests;
			productName = GPSCoordinatesTests;
			productReference = 8DA5282520278A62005583A9 /* GPSCoordinatesTests.xctest */;
			productType = "com.apple.product-type.bundle.unit-test";
		};
		8DA5282F20278A62005583A9 /* GPSCoordinatesUITests */ = {
			isa = PBXNativeTarget;
			buildConfigurationList = 8DA5283F20278A62005583A9 /* Build configuration list for PBXNativeTarget "GPSCoordinatesUITests" */;
			buildPhases = (
				8DA5282C20278A62005583A9 /* Sources */,
				8DA5282D20278A62005583A9 /* Frameworks */,
				8DA5282E20278A62005583A9 /* Resources */,
			);
			buildRules = (
			);
			dependencies = (
				8DA5283220278A62005583A9 /* PBXTargetDependency */,
			);
			name = GPSCoordinatesUITests;
			productName = GPSCoordinatesUITests;
			productReference = 8DA5283020278A62005583A9 /* GPSCoordinatesUITests.xctest */;
			productType = "com.apple.product-type.bundle.ui-testing";
		};
/* End PBXNativeTarget section */

/* Begin PBXProject section */
		8DA5280920278A61005583A9 /* Project object */ = {
			isa = PBXProject;
			attributes = {
				LastSwiftUpdateCheck = 0920;
				LastUpgradeCheck = 0920;
				ORGANIZATIONNAME = SlyInc;
				TargetAttributes = {
					8DA5281020278A61005583A9 = {
						CreatedOnToolsVersion = 9.2;
						ProvisioningStyle = Automatic;
					};
					8DA5282420278A62005583A9 = {
						CreatedOnToolsVersion = 9.2;
						ProvisioningStyle = Automatic;
						TestTargetID = 8DA5281020278A61005583A9;
					};
					8DA5282F20278A62005583A9 = {
						CreatedOnToolsVersion = 9.2;
						ProvisioningStyle = Automatic;
						TestTargetID = 8DA5281020278A61005583A9;
					};
				};
			};
			buildConfigurationList = 8DA5280C20278A61005583A9 /* Build configuration list for PBXProject "GPSCoordinates" */;
			compatibilityVersion = "Xcode 8.0";
			developmentRegion = en;
			hasScannedForEncodings = 0;
			knownRegions = (
				en,
				Base,
			);
			mainGroup = 8DA5280820278A61005583A9;
			productRefGroup = 8DA5281220278A62005583A9 /* Products */;
			projectDirPath = "";
			projectRoot = "";
			targets = (
				8DA5281020278A61005583A9 /* GPSCoordinates */,
				8DA5282420278A62005583A9 /* GPSCoordinatesTests */,
				8DA5282F20278A62005583A9 /* GPSCoordinatesUITests */,
			);
		};
/* End PBXProject section */

/* Begin PBXResourcesBuildPhase section */
		8DA5280F20278A61005583A9 /* Resources */ = {
			isa = PBXResourcesBuildPhase;
			buildActionMask = 2147483647;
			files = (
				8DA5281F20278A62005583A9 /* LaunchScreen.storyboard in Resources */,
				8DA5281C20278A62005583A9 /* Assets.xcassets in Resources */,
				8DA5281A20278A62005583A9 /* Main.storyboard in Resources */,
			);
			runOnlyForDeploymentPostprocessing = 0;
		};
		8DA5282320278A62005583A9 /* Resources */ = {
			isa = PBXResourcesBuildPhase;
			buildActionMask = 2147483647;
			files = (
			);
			runOnlyForDeploymentPostprocessing = 0;
		};
		8DA5282E20278A62005583A9 /* Resources */ = {
			isa = PBXResourcesBuildPhase;
			buildActionMask = 2147483647;
			files = (
			);
			runOnlyForDeploymentPostprocessing = 0;
		};
/* End PBXResourcesBuildPhase section */

/* Begin PBXSourcesBuildPhase section */
		8DA5280D20278A61005583A9 /* Sources */ = {
			isa = PBXSourcesBuildPhase;
			buildActionMask = 2147483647;
			files = (
				8DA5281720278A62005583A9 /* ViewController.swift in Sources */,
				8DA5281520278A62005583A9 /* AppDelegate.swift in Sources */,
			);
			runOnlyForDeploymentPostprocessing = 0;
		};
		8DA5282120278A62005583A9 /* Sources */ = {
			isa = PBXSourcesBuildPhase;
			buildActionMask = 2147483647;
			files = (
				8DA5282A20278A62005583A9 /* GPSCoordinatesTests.swift in Sources */,
			);
			runOnlyForDeploymentPostprocessing = 0;
		};
		8DA5282C20278A62005583A9 /* Sources */ = {
			isa = PBXSourcesBuildPhase;
			buildActionMask = 2147483647;
			files = (
				8DA5283520278A62005583A9 /* GPSCoordinatesUITests.swift in Sources */,
			);
			runOnlyForDeploymentPostprocessing = 0;
		};
/* End PBXSourcesBuildPhase section */

/* Begin PBXTargetDependency section */
		8DA5282720278A62005583A9 /* PBXTargetDependency */ = {
			isa = PBXTargetDependency;
			target = 8DA5281020278A61005583A9 /* GPSCoordinates */;
			targetProxy = 8DA5282620278A62005583A9 /* PBXContainerItemProxy */;
		};
		8DA5283220278A62005583A9 /* PBXTargetDependency */ = {
			isa = PBXTargetDependency;
			target = 8DA5281020278A61005583A9 /* GPSCoordinates */;
			targetProxy = 8DA5283120278A62005583A9 /* PBXContainerItemProxy */;
		};
/* End PBXTargetDependency section */

/* Begin PBXVariantGroup section */
		8DA5281820278A62005583A9 /* Main.storyboard */ = {
			isa = PBXVariantGroup;
			children = (
				8DA5281920278A62005583A9 /* Base */,
			);
			name = Main.storyboard;
			sourceTree = "<group>";
		};
		8DA5281D20278A62005583A9 /* LaunchScreen.storyboard */ = {
			isa = PBXVariantGroup;
			children = (
				8DA5281E20278A62005583A9 /* Base */,
			);
			name = LaunchScreen.storyboard;
			sourceTree = "<group>";
		};
/* End PBXVariantGroup section */

/* Begin XCBuildConfiguration section */
		8DA5283720278A62005583A9 /* Debug */ = {
			isa = XCBuildConfiguration;
			buildSettings = {
				ALWAYS_SEARCH_USER_PATHS = NO;
				CLANG_ANALYZER_NONNULL = YES;
				CLANG_ANALYZER_NUMBER_OBJECT_CONVERSION = YES_AGGRESSIVE;
				CLANG_CXX_LANGUAGE_STANDARD = "gnu++14";
				CLANG_CXX_LIBRARY = "libc++";
				CLANG_ENABLE_MODULES = YES;
				CLANG_ENABLE_OBJC_ARC = YES;
				CLANG_WARN_BLOCK_CAPTURE_AUTORELEASING = YES;
				CLANG_WARN_BOOL_CONVERSION = YES;
				CLANG_WARN_COMMA = YES;
				CLANG_WARN_CONSTANT_CONVERSION = YES;
				CLANG_WARN_DIRECT_OBJC_ISA_USAGE = YES_ERROR;
				CLANG_WARN_DOCUMENTATION_COMMENTS = YES;
				CLANG_WARN_EMPTY_BODY = YES;
				CLANG_WARN_ENUM_CONVERSION = YES;
				CLANG_WARN_INFINITE_RECURSION = YES;
				CLANG_WARN_INT_CONVERSION = YES;
				CLANG_WARN_NON_LITERAL_NULL_CONVERSION = YES;
				CLANG_WARN_OBJC_LITERAL_CONVERSION = YES;
				CLANG_WARN_OBJC_ROOT_CLASS = YES_ERROR;
				CLANG_WARN_RANGE_LOOP_ANALYSIS = YES;
				CLANG_WARN_STRICT_PROTOTYPES = YES;
				CLANG_WARN_SUSPICIOUS_MOVE = YES;
				CLANG_WARN_UNGUARDED_AVAILABILITY = YES_AGGRESSIVE;
				CLANG_WARN_UNREACHABLE_CODE = YES;
				CLANG_WARN__DUPLICATE_METHOD_MATCH = YES;
				CODE_SIGN_IDENTITY = "iPhone Developer";
				COPY_PHASE_STRIP = NO;
				DEBUG_INFORMATION_FORMAT = dwarf;
				ENABLE_STRICT_OBJC_MSGSEND = YES;
				ENABLE_TESTABILITY = YES;
				GCC_C_LANGUAGE_STANDARD = gnu11;
				GCC_DYNAMIC_NO_PIC = NO;
				GCC_NO_COMMON_BLOCKS = YES;
				GCC_OPTIMIZATION_LEVEL = 0;
				GCC_PREPROCESSOR_DEFINITIONS = (
					"DEBUG=1",
					"$(inherited)",
				);
				GCC_WARN_64_TO_32_BIT_CONVERSION = YES;
				GCC_WARN_ABOUT_RETURN_TYPE = YES_ERROR;
				GCC_WARN_UNDECLARED_SELECTOR = YES;
				GCC_WARN_UNINITIALIZED_AUTOS = YES_AGGRESSIVE;
				GCC_WARN_UNUSED_FUNCTION = YES;
				GCC_WARN_UNUSED_VARIABLE = YES;
				IPHONEOS_DEPLOYMENT_TARGET = 11.2;
				MTL_ENABLE_DEBUG_INFO = YES;
				ONLY_ACTIVE_ARCH = YES;
				SDKROOT = iphoneos;
				SWIFT_ACTIVE_COMPILATION_CONDITIONS = DEBUG;
				SWIFT_OPTIMIZATION_LEVEL = "-Onone";
			};
			name = Debug;
		};
		8DA5283820278A62005583A9 /* Release */ = {
			isa = XCBuildConfiguration;
			buildSettings = {
				ALWAYS_SEARCH_USER_PATHS = NO;
				CLANG_ANALYZER_NONNULL = YES;
				CLANG_ANALYZER_NUMBER_OBJECT_CONVERSION = YES_AGGRESSIVE;
				CLANG_CXX_LANGUAGE_STANDARD = "gnu++14";
				CLANG_CXX_LIBRARY = "libc++";
				CLANG_ENABLE_MODULES = YES;
				CLANG_ENABLE_OBJC_ARC = YES;
				CLANG_WARN_BLOCK_CAPTURE_AUTORELEASING = YES;
				CLANG_WARN_BOOL_CONVERSION = YES;
				CLANG_WARN_COMMA = YES;
				CLANG_WARN_CONSTANT_CONVERSION = YES;
				CLANG_WARN_DIRECT_OBJC_ISA_USAGE = YES_ERROR;
				CLANG_WARN_DOCUMENTATION_COMMENTS = YES;
				CLANG_WARN_EMPTY_BODY = YES;
				CLANG_WARN_ENUM_CONVERSION = YES;
				CLANG_WARN_INFINITE_RECURSION = YES;
				CLANG_WARN_INT_CONVERSION = YES;
				CLANG_WARN_NON_LITERAL_NULL_CONVERSION = YES;
				CLANG_WARN_OBJC_LITERAL_CONVERSION = YES;
				CLANG_WARN_OBJC_ROOT_CLASS = YES_ERROR;
				CLANG_WARN_RANGE_LOOP_ANALYSIS = YES;
				CLANG_WARN_STRICT_PROTOTYPES = YES;
				CLANG_WARN_SUSPICIOUS_MOVE = YES;
				CLANG_WARN_UNGUARDED_AVAILABILITY = YES_AGGRESSIVE;
				CLANG_WARN_UNREACHABLE_CODE = YES;
				CLANG_WARN__DUPLICATE_METHOD_MATCH = YES;
				CODE_SIGN_IDENTITY = "iPhone Developer";
				COPY_PHASE_STRIP = NO;
				DEBUG_INFORMATION_FORMAT = "dwarf-with-dsym";
				ENABLE_NS_ASSERTIONS = NO;
				ENABLE_STRICT_OBJC_MSGSEND = YES;
				GCC_C_LANGUAGE_STANDARD = gnu11;
				GCC_NO_COMMON_BLOCKS = YES;
				GCC_WARN_64_TO_32_BIT_CONVERSION = YES;
				GCC_WARN_ABOUT_RETURN_TYPE = YES_ERROR;
				GCC_WARN_UNDECLARED_SELECTOR = YES;
				GCC_WARN_UNINITIALIZED_AUTOS = YES_AGGRESSIVE;
				GCC_WARN_UNUSED_FUNCTION = YES;
				GCC_WARN_UNUSED_VARIABLE = YES;
				IPHONEOS_DEPLOYMENT_TARGET = 11.2;
				MTL_ENABLE_DEBUG_INFO = NO;
				SDKROOT = iphoneos;
				SWIFT_OPTIMIZATION_LEVEL = "-Owholemodule";
				VALIDATE_PRODUCT = YES;
			};
			name = Release;
		};
		8DA5283A20278A62005583A9 /* Debug */ = {
			isa = XCBuildConfiguration;
			buildSettings = {
				ASSETCATALOG_COMPILER_APPICON_NAME = AppIcon;
				CODE_SIGN_STYLE = Automatic;
				DEVELOPMENT_TEAM = Q7Y83EN57H;
				INFOPLIST_FILE = GPSCoordinates/Info.plist;
				LD_RUNPATH_SEARCH_PATHS = "$(inherited) @executable_path/Frameworks";
				PRODUCT_BUNDLE_IDENTIFIER = com.slyinc.GPSCoordinates;
				PRODUCT_NAME = "$(TARGET_NAME)";
				SWIFT_VERSION = 4.0;
				TARGETED_DEVICE_FAMILY = "1,2";
			};
			name = Debug;
		};
		8DA5283B20278A62005583A9 /* Release */ = {
			isa = XCBuildConfiguration;
			buildSettings = {
				ASSETCATALOG_COMPILER_APPICON_NAME = AppIcon;
				CODE_SIGN_STYLE = Automatic;
				DEVELOPMENT_TEAM = Q7Y83EN57H;
				INFOPLIST_FILE = GPSCoordinates/Info.plist;
				LD_RUNPATH_SEARCH_PATHS = "$(inherited) @executable_path/Frameworks";
				PRODUCT_BUNDLE_IDENTIFIER = com.slyinc.GPSCoordinates;
				PRODUCT_NAME = "$(TARGET_NAME)";
				SWIFT_VERSION = 4.0;
				TARGETED_DEVICE_FAMILY = "1,2";
			};
			name = Release;
		};
		8DA5283D20278A62005583A9 /* Debug */ = {
			isa = XCBuildConfiguration;
			buildSettings = {
				ALWAYS_EMBED_SWIFT_STANDARD_LIBRARIES = YES;
				BUNDLE_LOADER = "$(TEST_HOST)";
				CODE_SIGN_STYLE = Automatic;
				DEVELOPMENT_TEAM = Q7Y83EN57H;
				INFOPLIST_FILE = GPSCoordinatesTests/Info.plist;
				LD_RUNPATH_SEARCH_PATHS = "$(inherited) @executable_path/Frameworks @loader_path/Frameworks";
				PRODUCT_BUNDLE_IDENTIFIER = com.slyinc.GPSCoordinatesTests;
				PRODUCT_NAME = "$(TARGET_NAME)";
				SWIFT_VERSION = 4.0;
				TARGETED_DEVICE_FAMILY = "1,2";
				TEST_HOST = "$(BUILT_PRODUCTS_DIR)/GPSCoordinates.app/GPSCoordinates";
			};
			name = Debug;
		};
		8DA5283E20278A62005583A9 /* Release */ = {
			isa = XCBuildConfiguration;
			buildSettings = {
				ALWAYS_EMBED_SWIFT_STANDARD_LIBRARIES = YES;
				BUNDLE_LOADER = "$(TEST_HOST)";
				CODE_SIGN_STYLE = Automatic;
				DEVELOPMENT_TEAM = Q7Y83EN57H;
				INFOPLIST_FILE = GPSCoordinatesTests/Info.plist;
				LD_RUNPATH_SEARCH_PATHS = "$(inherited) @executable_path/Frameworks @loader_path/Frameworks";
				PRODUCT_BUNDLE_IDENTIFIER = com.slyinc.GPSCoordinatesTests;
				PRODUCT_NAME = "$(TARGET_NAME)";
				SWIFT_VERSION = 4.0;
				TARGETED_DEVICE_FAMILY = "1,2";
				TEST_HOST = "$(BUILT_PRODUCTS_DIR)/GPSCoordinates.app/GPSCoordinates";
			};
			name = Release;
		};
		8DA5284020278A62005583A9 /* Debug */ = {
			isa = XCBuildConfiguration;
			buildSettings = {
				ALWAYS_EMBED_SWIFT_STANDARD_LIBRARIES = YES;
				CODE_SIGN_STYLE = Automatic;
				DEVELOPMENT_TEAM = Q7Y83EN57H;
				INFOPLIST_FILE = GPSCoordinatesUITests/Info.plist;
				LD_RUNPATH_SEARCH_PATHS = "$(inherited) @executable_path/Frameworks @loader_path/Frameworks";
				PRODUCT_BUNDLE_IDENTIFIER = com.slyinc.GPSCoordinatesUITests;
				PRODUCT_NAME = "$(TARGET_NAME)";
				SWIFT_VERSION = 4.0;
				TARGETED_DEVICE_FAMILY = "1,2";
				TEST_TARGET_NAME = GPSCoordinates;
			};
			name = Debug;
		};
		8DA5284120278A62005583A9 /* Release */ = {
			isa = XCBuildConfiguration;
			buildSettings = {
				ALWAYS_EMBED_SWIFT_STANDARD_LIBRARIES = YES;
				CODE_SIGN_STYLE = Automatic;
				DEVELOPMENT_TEAM = Q7Y83EN57H;
				INFOPLIST_FILE = GPSCoordinatesUITests/Info.plist;
				LD_RUNPATH_SEARCH_PATHS = "$(inherited) @executable_path/Frameworks @loader_path/Frameworks";
				PRODUCT_BUNDLE_IDENTIFIER = com.slyinc.GPSCoordinatesUITests;
				PRODUCT_NAME = "$(TARGET_NAME)";
				SWIFT_VERSION = 4.0;
				TARGETED_DEVICE_FAMILY = "1,2";
				TEST_TARGET_NAME = GPSCoordinates;
			};
			name = Release;
		};
/* End XCBuildConfiguration section */

/* Begin XCConfigurationList section */
		8DA5280C20278A61005583A9 /* Build configuration list for PBXProject "GPSCoordinates" */ = {
			isa = XCConfigurationList;
			buildConfigurations = (
				8DA5283720278A62005583A9 /* Debug */,
				8DA5283820278A62005583A9 /* Release */,
			);
			defaultConfigurationIsVisible = 0;
			defaultConfigurationName = Release;
		};
		8DA5283920278A62005583A9 /* Build configuration list for PBXNativeTarget "GPSCoordinates" */ = {
			isa = XCConfigurationList;
			buildConfigurations = (
				8DA5283A20278A62005583A9 /* Debug */,
				8DA5283B20278A62005583A9 /* Release */,
			);
			defaultConfigurationIsVisible = 0;
			defaultConfigurationName = Release;
		};
		8DA5283C20278A62005583A9 /* Build configuration list for PBXNativeTarget "GPSCoordinatesTests" */ = {
			isa = XCConfigurationList;
			buildConfigurations = (
				8DA5283D20278A62005583A9 /* Debug */,
				8DA5283E20278A62005583A9 /* Release */,
			);
			defaultConfigurationIsVisible = 0;
			defaultConfigurationName = Release;
		};
		8DA5283F20278A62005583A9 /* Build configuration list for PBXNativeTarget "GPSCoordinatesUITests" */ = {
			isa = XCConfigurationList;
			buildConfigurations = (
				8DA5284020278A62005583A9 /* Debug */,
				8DA5284120278A62005583A9 /* Release */,
			);
			defaultConfigurationIsVisible = 0;
			defaultConfigurationName = Release;
		};
/* End XCConfigurationList section */
	};
	rootObject = 8DA5280920278A61005583A9 /* Project object */;
}
